
Microsoft Visual Studio Solution File, Format Version 12.00
# Visual Studio Version 17
VisualStudioVersion = 17.6.33829.357
MinimumVisualStudioVersion = 10.0.40219.1
Project("{9A19103F-16F7-4668-BE54-9A1E7A4F7556}") = "CSharp-OpenAI-LangChain", "CSharp-OpenAI-LangChain.csproj", "{C5BE5921-7258-4D7E-8757-95A6211783D9}"
EndProject
Project("{FAE04EC0-301F-11D3-BF4B-00C04F79EFBC}") = "CSharp-OpenAI-LangChain.Test", "..\CSharp-OpenAI-LangChain.Test\CSharp-OpenAI-LangChain.Test.csproj", "{BD8988E9-37C8-4A0B-AD98-02ACD6E201DF}"
EndProject
Global
	GlobalSection(SolutionConfigurationPlatforms) = preSolution
		Debug|Any CPU = Debug|Any CPU
		Release|Any CPU = Release|Any CPU
	EndGlobalSection
	GlobalSection(ProjectConfigurationPlatforms) = postSolution
		{C5BE5921-7258-4D7E-8757-95A6211783D9}.Debug|Any CPU.ActiveCfg = Debug|Any CPU
		{C5BE5921-7258-4D7E-8757-95A6211783D9}.Debug|Any CPU.Build.0 = Debug|Any CPU
		{C5BE5921-7258-4D7E-8757-95A6211783D9}.Release|Any CPU.ActiveCfg = Release|Any CPU
		{C5BE5921-7258-4D7E-8757-95A6211783D9}.Release|Any CPU.Build.0 = Release|Any CPU
		{BD8988E9-37C8-4A0B-AD98-02ACD6E201DF}.Debug|Any CPU.ActiveCfg = Debug|Any CPU
		{BD8988E9-37C8-4A0B-AD98-02ACD6E201DF}.Debug|Any CPU.Build.0 = Debug|Any CPU
		{BD8988E9-37C8-4A0B-AD98-02ACD6E201DF}.Release|Any CPU.ActiveCfg = Release|Any CPU
		{BD8988E9-37C8-4A0B-AD98-02ACD6E201DF}.Release|Any CPU.Build.0 = Release|Any CPU
	EndGlobalSection
	GlobalSection(SolutionProperties) = preSolution
		HideSolutionNode = FALSE
	EndGlobalSection
	GlobalSection(ExtensibilityGlobals) = postSolution
		SolutionGuid = {F8534DE2-FF67-46AA-A92E-3A3219249F39}
	EndGlobalSection
EndGlobal
